
Microsoft Visual Studio Solution File, Format Version 12.00
# Visual Studio Version 17
VisualStudioVersion = 17.0.31903.59
MinimumVisualStudioVersion = 10.0.40219.1
Project("{FAE04EC0-301F-11D3-BF4B-00C04F79EFBC}") = "API", "API\API.csproj", "{4FA9B8D3-6B93-4352-BBE9-23A526C1C310}"
EndProject
Project("{FAE04EC0-301F-11D3-BF4B-00C04F79EFBC}") = "test", "test\test.csproj", "{E954C3AB-7C7B-46BE-BD6B-F1F50F3EFB2A}"
EndProject
Project("{FAE04EC0-301F-11D3-BF4B-00C04F79EFBC}") = "Service", "Service\Service.csproj", "{EE78122A-0B6D-421A-9849-938BDDF3C85F}"
EndProject
Project("{FAE04EC0-301F-11D3-BF4B-00C04F79EFBC}") = "Infastructure", "Infastructure\Infastructure.csproj", "{F168DC86-06C8-451F-A95F-F7FF635E3926}"
EndProject
Global
	GlobalSection(SolutionConfigurationPlatforms) = preSolution
		Debug|Any CPU = Debug|Any CPU
		Release|Any CPU = Release|Any CPU
	EndGlobalSection
	GlobalSection(SolutionProperties) = preSolution
		HideSolutionNode = FALSE
	EndGlobalSection
	GlobalSection(ProjectConfigurationPlatforms) = postSolution
		{4FA9B8D3-6B93-4352-BBE9-23A526C1C310}.Debug|Any CPU.ActiveCfg = Debug|Any CPU
		{4FA9B8D3-6B93-4352-BBE9-23A526C1C310}.Debug|Any CPU.Build.0 = Debug|Any CPU
		{4FA9B8D3-6B93-4352-BBE9-23A526C1C310}.Release|Any CPU.ActiveCfg = Release|Any CPU
		{4FA9B8D3-6B93-4352-BBE9-23A526C1C310}.Release|Any CPU.Build.0 = Release|Any CPU
		{E954C3AB-7C7B-46BE-BD6B-F1F50F3EFB2A}.Debug|Any CPU.ActiveCfg = Debug|Any CPU
		{E954C3AB-7C7B-46BE-BD6B-F1F50F3EFB2A}.Debug|Any CPU.Build.0 = Debug|Any CPU
		{E954C3AB-7C7B-46BE-BD6B-F1F50F3EFB2A}.Release|Any CPU.ActiveCfg = Release|Any CPU
		{E954C3AB-7C7B-46BE-BD6B-F1F50F3EFB2A}.Release|Any CPU.Build.0 = Release|Any CPU
		{EE78122A-0B6D-421A-9849-938BDDF3C85F}.Debug|Any CPU.ActiveCfg = Debug|Any CPU
		{EE78122A-0B6D-421A-9849-938BDDF3C85F}.Debug|Any CPU.Build.0 = Debug|Any CPU
		{EE78122A-0B6D-421A-9849-938BDDF3C85F}.Release|Any CPU.ActiveCfg = Release|Any CPU
		{EE78122A-0B6D-421A-9849-938BDDF3C85F}.Release|Any CPU.Build.0 = Release|Any CPU
		{F168DC86-06C8-451F-A95F-F7FF635E3926}.Debug|Any CPU.ActiveCfg = Debug|Any CPU
		{F168DC86-06C8-451F-A95F-F7FF635E3926}.Debug|Any CPU.Build.0 = Debug|Any CPU
		{F168DC86-06C8-451F-A95F-F7FF635E3926}.Release|Any CPU.ActiveCfg = Release|Any CPU
		{F168DC86-06C8-451F-A95F-F7FF635E3926}.Release|Any CPU.Build.0 = Release|Any CPU
	EndGlobalSection
EndGlobal
